
Microsoft Visual Studio Solution File, Format Version 12.00
# Visual Studio 15
VisualStudioVersion = 15.0.28307.329
MinimumVisualStudioVersion = 10.0.40219.1
Project("{FAE04EC0-301F-11D3-BF4B-00C04F79EFBC}") = "STRING_KATA_EXERCISE_Monday_25_02_2019", "STRING_KATA_EXERCISE_Monday_25_02_2019\STRING_KATA_EXERCISE_Monday_25_02_2019.csproj", "{31938DD3-2565-4A75-8B26-8904A584D496}"
EndProject
Global
	GlobalSection(SolutionConfigurationPlatforms) = preSolution
		Debug|Any CPU = Debug|Any CPU
		Release|Any CPU = Release|Any CPU
	EndGlobalSection
	GlobalSection(ProjectConfigurationPlatforms) = postSolution
		{31938DD3-2565-4A75-8B26-8904A584D496}.Debug|Any CPU.ActiveCfg = Debug|Any CPU
		{31938DD3-2565-4A75-8B26-8904A584D496}.Debug|Any CPU.Build.0 = Debug|Any CPU
		{31938DD3-2565-4A75-8B26-8904A584D496}.Release|Any CPU.ActiveCfg = Release|Any CPU
		{31938DD3-2565-4A75-8B26-8904A584D496}.Release|Any CPU.Build.0 = Release|Any CPU
	EndGlobalSection
	GlobalSection(SolutionProperties) = preSolution
		HideSolutionNode = FALSE
	EndGlobalSection
	GlobalSection(ExtensibilityGlobals) = postSolution
		SolutionGuid = {B8B00BFB-655C-4840-A858-366D18B805E1}
	EndGlobalSection
EndGlobal
